
Microsoft Visual Studio Solution File, Format Version 12.00
# Visual Studio Version 17
VisualStudioVersion = 17.1.32210.238
MinimumVisualStudioVersion = 10.0.40219.1
Project("{FAE04EC0-301F-11D3-BF4B-00C04F79EFBC}") = "Observer", "Observer\Observer.csproj", "{1087780F-16A1-42B0-91F3-ED1E238F7CF3}"
EndProject
Project("{FAE04EC0-301F-11D3-BF4B-00C04F79EFBC}") = "LibObserver1", "LibObserver1\LibObserver1.csproj", "{6A9DCB8C-FF06-458B-B445-250A901536EA}"
EndProject
Global
	GlobalSection(SolutionConfigurationPlatforms) = preSolution
		Debug|Any CPU = Debug|Any CPU
		Release|Any CPU = Release|Any CPU
	EndGlobalSection
	GlobalSection(ProjectConfigurationPlatforms) = postSolution
		{1087780F-16A1-42B0-91F3-ED1E238F7CF3}.Debug|Any CPU.ActiveCfg = Debug|Any CPU
		{1087780F-16A1-42B0-91F3-ED1E238F7CF3}.Debug|Any CPU.Build.0 = Debug|Any CPU
		{1087780F-16A1-42B0-91F3-ED1E238F7CF3}.Release|Any CPU.ActiveCfg = Release|Any CPU
		{1087780F-16A1-42B0-91F3-ED1E238F7CF3}.Release|Any CPU.Build.0 = Release|Any CPU
		{6A9DCB8C-FF06-458B-B445-250A901536EA}.Debug|Any CPU.ActiveCfg = Debug|Any CPU
		{6A9DCB8C-FF06-458B-B445-250A901536EA}.Debug|Any CPU.Build.0 = Debug|Any CPU
		{6A9DCB8C-FF06-458B-B445-250A901536EA}.Release|Any CPU.ActiveCfg = Release|Any CPU
		{6A9DCB8C-FF06-458B-B445-250A901536EA}.Release|Any CPU.Build.0 = Release|Any CPU
	EndGlobalSection
	GlobalSection(SolutionProperties) = preSolution
		HideSolutionNode = FALSE
	EndGlobalSection
	GlobalSection(ExtensibilityGlobals) = postSolution
		SolutionGuid = {7F164943-A1C6-424D-B5A4-CCCBAE9E1183}
	EndGlobalSection
EndGlobal
